
Microsoft Visual Studio Solution File, Format Version 12.00
# Visual Studio Version 17
VisualStudioVersion = 17.13.35828.75
MinimumVisualStudioVersion = 10.0.40219.1
Project("{2150E333-8FDC-42A3-9474-1A3956D46DE8}") = "Ejercicio01", "Ejercicio01", "{02EA681E-C7D8-13C7-8484-4AC65E1B71E8}"
EndProject
Project("{FAE04EC0-301F-11D3-BF4B-00C04F79EFBC}") = "NumeroParImpar", "NumeroParImpar\NumeroParImpar.csproj", "{B5C7AA3C-54C7-4C69-A11D-B5F6F93216AB}"
EndProject
Project("{2150E333-8FDC-42A3-9474-1A3956D46DE8}") = "Ejercicio02", "Ejercicio02", "{D6FD0049-44F3-413D-A570-8589A80952AF}"
EndProject
Project("{FAE04EC0-301F-11D3-BF4B-00C04F79EFBC}") = "MayorTresNumeros", "MayorTresNumeros\MayorTresNumeros.csproj", "{3D2F8D00-F83F-437D-801F-6815289AE138}"
EndProject
Project("{2150E333-8FDC-42A3-9474-1A3956D46DE8}") = "Ejercicio03", "Ejercicio03", "{59D49407-7454-48FE-A553-6AD4E1363B00}"
EndProject
Project("{FAE04EC0-301F-11D3-BF4B-00C04F79EFBC}") = "OrdenarTresNumeros", "OrdenarTresNumeros\OrdenarTresNumeros.csproj", "{A3BC7C66-D2BE-4700-8AEA-28D4FC9613A4}"
EndProject
Project("{2150E333-8FDC-42A3-9474-1A3956D46DE8}") = "Ejercicio04", "Ejercicio04", "{2B27D8E9-CC12-4F4E-90B0-A7FEDCB5DB5E}"
EndProject
Project("{FAE04EC0-301F-11D3-BF4B-00C04F79EFBC}") = "NumeroMultiplo", "NumeroMultiplo\NumeroMultiplo.csproj", "{7E961E1B-8849-4E67-9882-D72869C18A99}"
EndProject
Project("{2150E333-8FDC-42A3-9474-1A3956D46DE8}") = "Ejercicio05", "Ejercicio05", "{2945F820-CA0C-4996-94CE-430B7C36A49F}"
EndProject
Project("{FAE04EC0-301F-11D3-BF4B-00C04F79EFBC}") = "AnioBisiesto", "AnioBisiesto\AnioBisiesto.csproj", "{E5DEAF26-D506-43B0-AFC2-3A4526D06C3B}"
EndProject
Project("{2150E333-8FDC-42A3-9474-1A3956D46DE8}") = "Ejercicio06", "Ejercicio06", "{0769D2CF-0C08-4191-AE05-4B9F4134F14F}"
EndProject
Project("{FAE04EC0-301F-11D3-BF4B-00C04F79EFBC}") = "NominaSencilla", "NominaSencilla\NominaSencilla.csproj", "{9EFF457D-56C5-4077-9752-610299F0A083}"
EndProject
Global
	GlobalSection(SolutionConfigurationPlatforms) = preSolution
		Debug|Any CPU = Debug|Any CPU
		Release|Any CPU = Release|Any CPU
	EndGlobalSection
	GlobalSection(ProjectConfigurationPlatforms) = postSolution
		{B5C7AA3C-54C7-4C69-A11D-B5F6F93216AB}.Debug|Any CPU.ActiveCfg = Debug|Any CPU
		{B5C7AA3C-54C7-4C69-A11D-B5F6F93216AB}.Debug|Any CPU.Build.0 = Debug|Any CPU
		{B5C7AA3C-54C7-4C69-A11D-B5F6F93216AB}.Release|Any CPU.ActiveCfg = Release|Any CPU
		{B5C7AA3C-54C7-4C69-A11D-B5F6F93216AB}.Release|Any CPU.Build.0 = Release|Any CPU
		{3D2F8D00-F83F-437D-801F-6815289AE138}.Debug|Any CPU.ActiveCfg = Debug|Any CPU
		{3D2F8D00-F83F-437D-801F-6815289AE138}.Debug|Any CPU.Build.0 = Debug|Any CPU
		{3D2F8D00-F83F-437D-801F-6815289AE138}.Release|Any CPU.ActiveCfg = Release|Any CPU
		{3D2F8D00-F83F-437D-801F-6815289AE138}.Release|Any CPU.Build.0 = Release|Any CPU
		{A3BC7C66-D2BE-4700-8AEA-28D4FC9613A4}.Debug|Any CPU.ActiveCfg = Debug|Any CPU
		{A3BC7C66-D2BE-4700-8AEA-28D4FC9613A4}.Debug|Any CPU.Build.0 = Debug|Any CPU
		{A3BC7C66-D2BE-4700-8AEA-28D4FC9613A4}.Release|Any CPU.ActiveCfg = Release|Any CPU
		{A3BC7C66-D2BE-4700-8AEA-28D4FC9613A4}.Release|Any CPU.Build.0 = Release|Any CPU
		{7E961E1B-8849-4E67-9882-D72869C18A99}.Debug|Any CPU.ActiveCfg = Debug|Any CPU
		{7E961E1B-8849-4E67-9882-D72869C18A99}.Debug|Any CPU.Build.0 = Debug|Any CPU
		{7E961E1B-8849-4E67-9882-D72869C18A99}.Release|Any CPU.ActiveCfg = Release|Any CPU
		{7E961E1B-8849-4E67-9882-D72869C18A99}.Release|Any CPU.Build.0 = Release|Any CPU
		{E5DEAF26-D506-43B0-AFC2-3A4526D06C3B}.Debug|Any CPU.ActiveCfg = Debug|Any CPU
		{E5DEAF26-D506-43B0-AFC2-3A4526D06C3B}.Debug|Any CPU.Build.0 = Debug|Any CPU
		{E5DEAF26-D506-43B0-AFC2-3A4526D06C3B}.Release|Any CPU.ActiveCfg = Release|Any CPU
		{E5DEAF26-D506-43B0-AFC2-3A4526D06C3B}.Release|Any CPU.Build.0 = Release|Any CPU
		{9EFF457D-56C5-4077-9752-610299F0A083}.Debug|Any CPU.ActiveCfg = Debug|Any CPU
		{9EFF457D-56C5-4077-9752-610299F0A083}.Debug|Any CPU.Build.0 = Debug|Any CPU
		{9EFF457D-56C5-4077-9752-610299F0A083}.Release|Any CPU.ActiveCfg = Release|Any CPU
		{9EFF457D-56C5-4077-9752-610299F0A083}.Release|Any CPU.Build.0 = Release|Any CPU
	EndGlobalSection
	GlobalSection(SolutionProperties) = preSolution
		HideSolutionNode = FALSE
	EndGlobalSection
	GlobalSection(NestedProjects) = preSolution
		{B5C7AA3C-54C7-4C69-A11D-B5F6F93216AB} = {02EA681E-C7D8-13C7-8484-4AC65E1B71E8}
		{3D2F8D00-F83F-437D-801F-6815289AE138} = {D6FD0049-44F3-413D-A570-8589A80952AF}
		{A3BC7C66-D2BE-4700-8AEA-28D4FC9613A4} = {59D49407-7454-48FE-A553-6AD4E1363B00}
		{7E961E1B-8849-4E67-9882-D72869C18A99} = {2B27D8E9-CC12-4F4E-90B0-A7FEDCB5DB5E}
		{E5DEAF26-D506-43B0-AFC2-3A4526D06C3B} = {2945F820-CA0C-4996-94CE-430B7C36A49F}
		{9EFF457D-56C5-4077-9752-610299F0A083} = {0769D2CF-0C08-4191-AE05-4B9F4134F14F}
	EndGlobalSection
	GlobalSection(ExtensibilityGlobals) = postSolution
		SolutionGuid = {EB2345CD-92F2-4787-A6FA-8D91C0D0EBBF}
	EndGlobalSection
EndGlobal
